
Microsoft Visual Studio Solution File, Format Version 12.00
# Visual Studio Version 17
VisualStudioVersion = 17.2.32630.192
MinimumVisualStudioVersion = 10.0.40219.1
Project("{FAE04EC0-301F-11D3-BF4B-00C04F79EFBC}") = "DataStructureDemo", "DataStructureDemo\DataStructureDemo.csproj", "{275941E2-D1DC-49D6-AE98-44D8E268AAA1}"
EndProject
Project("{FAE04EC0-301F-11D3-BF4B-00C04F79EFBC}") = "QueingUsingLinkedList", "QueingUsingLinkedList\QueingUsingLinkedList.csproj", "{706E524F-9E69-47A1-9DFD-1A05725CA783}"
EndProject
Project("{FAE04EC0-301F-11D3-BF4B-00C04F79EFBC}") = "StackUsingLinkedList", "StackUsingLinkedList\StackUsingLinkedList.csproj", "{D81DE1C4-7C93-40B3-B06D-9EAC27891242}"
EndProject
Global
	GlobalSection(SolutionConfigurationPlatforms) = preSolution
		Debug|Any CPU = Debug|Any CPU
		Release|Any CPU = Release|Any CPU
	EndGlobalSection
	GlobalSection(ProjectConfigurationPlatforms) = postSolution
		{275941E2-D1DC-49D6-AE98-44D8E268AAA1}.Debug|Any CPU.ActiveCfg = Debug|Any CPU
		{275941E2-D1DC-49D6-AE98-44D8E268AAA1}.Debug|Any CPU.Build.0 = Debug|Any CPU
		{275941E2-D1DC-49D6-AE98-44D8E268AAA1}.Release|Any CPU.ActiveCfg = Release|Any CPU
		{275941E2-D1DC-49D6-AE98-44D8E268AAA1}.Release|Any CPU.Build.0 = Release|Any CPU
		{706E524F-9E69-47A1-9DFD-1A05725CA783}.Debug|Any CPU.ActiveCfg = Debug|Any CPU
		{706E524F-9E69-47A1-9DFD-1A05725CA783}.Debug|Any CPU.Build.0 = Debug|Any CPU
		{706E524F-9E69-47A1-9DFD-1A05725CA783}.Release|Any CPU.ActiveCfg = Release|Any CPU
		{706E524F-9E69-47A1-9DFD-1A05725CA783}.Release|Any CPU.Build.0 = Release|Any CPU
		{D81DE1C4-7C93-40B3-B06D-9EAC27891242}.Debug|Any CPU.ActiveCfg = Debug|Any CPU
		{D81DE1C4-7C93-40B3-B06D-9EAC27891242}.Debug|Any CPU.Build.0 = Debug|Any CPU
		{D81DE1C4-7C93-40B3-B06D-9EAC27891242}.Release|Any CPU.ActiveCfg = Release|Any CPU
		{D81DE1C4-7C93-40B3-B06D-9EAC27891242}.Release|Any CPU.Build.0 = Release|Any CPU
	EndGlobalSection
	GlobalSection(SolutionProperties) = preSolution
		HideSolutionNode = FALSE
	EndGlobalSection
	GlobalSection(ExtensibilityGlobals) = postSolution
		SolutionGuid = {227EE97F-0C72-4E1A-A061-2244DEA00B7F}
	EndGlobalSection
EndGlobal
